
Microsoft Visual Studio Solution File, Format Version 12.00
# Visual Studio 2013
VisualStudioVersion = 12.0.31101.0
MinimumVisualStudioVersion = 10.0.40219.1
Project("{FAE04EC0-301F-11D3-BF4B-00C04F79EFBC}") = "StudentSystem.Models", "StudentSystem.Models\StudentSystem.Models.csproj", "{4EBFB29F-CE30-4041-92F7-B1042DB477F3}"
EndProject
Project("{FAE04EC0-301F-11D3-BF4B-00C04F79EFBC}") = "StudentSystem.Data", "StudentSystem.Data\StudentSystem.Data.csproj", "{803E46CB-2CB7-40F4-A495-C83642AECCFE}"
EndProject
Project("{FAE04EC0-301F-11D3-BF4B-00C04F79EFBC}") = "StudentSystem.ConsoleClient", "StudentSystem.ConsoleClient\StudentSystem.ConsoleClient.csproj", "{20D95940-782A-4FA5-860B-B411230838FD}"
EndProject
Global
	GlobalSection(SolutionConfigurationPlatforms) = preSolution
		Debug|Any CPU = Debug|Any CPU
		Release|Any CPU = Release|Any CPU
	EndGlobalSection
	GlobalSection(ProjectConfigurationPlatforms) = postSolution
		{4EBFB29F-CE30-4041-92F7-B1042DB477F3}.Debug|Any CPU.ActiveCfg = Debug|Any CPU
		{4EBFB29F-CE30-4041-92F7-B1042DB477F3}.Debug|Any CPU.Build.0 = Debug|Any CPU
		{4EBFB29F-CE30-4041-92F7-B1042DB477F3}.Release|Any CPU.ActiveCfg = Release|Any CPU
		{4EBFB29F-CE30-4041-92F7-B1042DB477F3}.Release|Any CPU.Build.0 = Release|Any CPU
		{803E46CB-2CB7-40F4-A495-C83642AECCFE}.Debug|Any CPU.ActiveCfg = Debug|Any CPU
		{803E46CB-2CB7-40F4-A495-C83642AECCFE}.Debug|Any CPU.Build.0 = Debug|Any CPU
		{803E46CB-2CB7-40F4-A495-C83642AECCFE}.Release|Any CPU.ActiveCfg = Release|Any CPU
		{803E46CB-2CB7-40F4-A495-C83642AECCFE}.Release|Any CPU.Build.0 = Release|Any CPU
		{20D95940-782A-4FA5-860B-B411230838FD}.Debug|Any CPU.ActiveCfg = Debug|Any CPU
		{20D95940-782A-4FA5-860B-B411230838FD}.Debug|Any CPU.Build.0 = Debug|Any CPU
		{20D95940-782A-4FA5-860B-B411230838FD}.Release|Any CPU.ActiveCfg = Release|Any CPU
		{20D95940-782A-4FA5-860B-B411230838FD}.Release|Any CPU.Build.0 = Release|Any CPU
	EndGlobalSection
	GlobalSection(SolutionProperties) = preSolution
		HideSolutionNode = FALSE
	EndGlobalSection
EndGlobal
