
Microsoft Visual Studio Solution File, Format Version 12.00
# Visual Studio 2013
VisualStudioVersion = 12.0.31101.0
MinimumVisualStudioVersion = 10.0.40219.1
Project("{FAE04EC0-301F-11D3-BF4B-00C04F79EFBC}") = "01-NewsDatabase", "NewsDatabase\01-NewsDatabase.csproj", "{11F43277-4E82-489A-845F-F999E15EC502}"
EndProject
Project("{FAE04EC0-301F-11D3-BF4B-00C04F79EFBC}") = "02-ConcurrentUpdates", "02-ConcurrentUpdates\02-ConcurrentUpdates.csproj", "{AE2717F0-2C54-4F64-80D7-1FAF80FE72B7}"
EndProject
Project("{FAE04EC0-301F-11D3-BF4B-00C04F79EFBC}") = "05-06-Transactional-ATM-Withdrawal", "05-Transactional-ATM-Withdrawal\05-06-Transactional-ATM-Withdrawal.csproj", "{6FFEB523-FC03-4C70-96E3-A378A3203585}"
EndProject
Global
	GlobalSection(SolutionConfigurationPlatforms) = preSolution
		Debug|Any CPU = Debug|Any CPU
		Release|Any CPU = Release|Any CPU
	EndGlobalSection
	GlobalSection(ProjectConfigurationPlatforms) = postSolution
		{11F43277-4E82-489A-845F-F999E15EC502}.Debug|Any CPU.ActiveCfg = Debug|Any CPU
		{11F43277-4E82-489A-845F-F999E15EC502}.Debug|Any CPU.Build.0 = Debug|Any CPU
		{11F43277-4E82-489A-845F-F999E15EC502}.Release|Any CPU.ActiveCfg = Release|Any CPU
		{11F43277-4E82-489A-845F-F999E15EC502}.Release|Any CPU.Build.0 = Release|Any CPU
		{AE2717F0-2C54-4F64-80D7-1FAF80FE72B7}.Debug|Any CPU.ActiveCfg = Debug|Any CPU
		{AE2717F0-2C54-4F64-80D7-1FAF80FE72B7}.Debug|Any CPU.Build.0 = Debug|Any CPU
		{AE2717F0-2C54-4F64-80D7-1FAF80FE72B7}.Release|Any CPU.ActiveCfg = Release|Any CPU
		{AE2717F0-2C54-4F64-80D7-1FAF80FE72B7}.Release|Any CPU.Build.0 = Release|Any CPU
		{6FFEB523-FC03-4C70-96E3-A378A3203585}.Debug|Any CPU.ActiveCfg = Debug|Any CPU
		{6FFEB523-FC03-4C70-96E3-A378A3203585}.Debug|Any CPU.Build.0 = Debug|Any CPU
		{6FFEB523-FC03-4C70-96E3-A378A3203585}.Release|Any CPU.ActiveCfg = Release|Any CPU
		{6FFEB523-FC03-4C70-96E3-A378A3203585}.Release|Any CPU.Build.0 = Release|Any CPU
	EndGlobalSection
	GlobalSection(SolutionProperties) = preSolution
		HideSolutionNode = FALSE
	EndGlobalSection
EndGlobal
