
Microsoft Visual Studio Solution File, Format Version 12.00
# Visual Studio 2013
VisualStudioVersion = 12.0.31101.0
MinimumVisualStudioVersion = 10.0.40219.1
Project("{FAE04EC0-301F-11D3-BF4B-00C04F79EFBC}") = "BookShopSystem.Models", "BookShopSystem.Models\BookShopSystem.Models.csproj", "{AA034955-6BC2-4995-A8CA-FB047FE5B86D}"
EndProject
Project("{FAE04EC0-301F-11D3-BF4B-00C04F79EFBC}") = "BookShopSystem.Data", "BookShopSystem.Data\BookShopSystem.Data.csproj", "{31C98D85-3053-45DB-84E9-B86EF8C90FB0}"
EndProject
Project("{FAE04EC0-301F-11D3-BF4B-00C04F79EFBC}") = "BookShopSystem.ConsoleClient", "BookShopSystem.ConsoleClient\BookShopSystem.ConsoleClient.csproj", "{BCCC5C53-1A5D-491F-96CD-1661C283A5EA}"
EndProject
Global
	GlobalSection(SolutionConfigurationPlatforms) = preSolution
		Debug|Any CPU = Debug|Any CPU
		Release|Any CPU = Release|Any CPU
	EndGlobalSection
	GlobalSection(ProjectConfigurationPlatforms) = postSolution
		{AA034955-6BC2-4995-A8CA-FB047FE5B86D}.Debug|Any CPU.ActiveCfg = Debug|Any CPU
		{AA034955-6BC2-4995-A8CA-FB047FE5B86D}.Debug|Any CPU.Build.0 = Debug|Any CPU
		{AA034955-6BC2-4995-A8CA-FB047FE5B86D}.Release|Any CPU.ActiveCfg = Release|Any CPU
		{AA034955-6BC2-4995-A8CA-FB047FE5B86D}.Release|Any CPU.Build.0 = Release|Any CPU
		{31C98D85-3053-45DB-84E9-B86EF8C90FB0}.Debug|Any CPU.ActiveCfg = Debug|Any CPU
		{31C98D85-3053-45DB-84E9-B86EF8C90FB0}.Debug|Any CPU.Build.0 = Debug|Any CPU
		{31C98D85-3053-45DB-84E9-B86EF8C90FB0}.Release|Any CPU.ActiveCfg = Release|Any CPU
		{31C98D85-3053-45DB-84E9-B86EF8C90FB0}.Release|Any CPU.Build.0 = Release|Any CPU
		{BCCC5C53-1A5D-491F-96CD-1661C283A5EA}.Debug|Any CPU.ActiveCfg = Debug|Any CPU
		{BCCC5C53-1A5D-491F-96CD-1661C283A5EA}.Debug|Any CPU.Build.0 = Debug|Any CPU
		{BCCC5C53-1A5D-491F-96CD-1661C283A5EA}.Release|Any CPU.ActiveCfg = Release|Any CPU
		{BCCC5C53-1A5D-491F-96CD-1661C283A5EA}.Release|Any CPU.Build.0 = Release|Any CPU
	EndGlobalSection
	GlobalSection(SolutionProperties) = preSolution
		HideSolutionNode = FALSE
	EndGlobalSection
EndGlobal
